{
	"name": "cyclops",
	"version": "0.0.1",
	"lockfileVersion": 2,
	"requires": true,
	"packages": {
		"": {
			"version": "0.0.1",
			"dependencies": {
				"react-native-web": "^0.14.9",
				"typescript": "^4.1.2"
			},
			"devDependencies": {
				"@babel/runtime": "^7.12.5",
				"@types/react": "^17.0.0",
				"@types/react-native": "^0.63.37",
				"@types/react-native-web": "git+https://5a8eb5405602f384d206213250a29a2b8ec51f24:x-oauth-basic@github.com/gtechnologies/react-native-web-ts-types.git",
				"prettier": "2.2.1"
			},
			"peerDependencies": {
				"react": ">=16.0.0"
			}
		},
		"node_modules/@babel/runtime": {
			"version": "7.12.5",
			"resolved": "https://registry.npmjs.org/@babel/runtime/-/runtime-7.12.5.tgz",
			"integrity": "sha512-plcc+hbExy3McchJCEQG3knOsuh3HH+Prx1P6cLIkET/0dLuQDEnrT+s27Axgc9bqfsmNUNHfscgMUdBpC9xfg==",
			"dev": true,
			"dependencies": {
				"regenerator-runtime": "^0.13.4"
			}
		},
		"node_modules/@types/prop-types": {
			"version": "15.7.3",
			"resolved": "https://registry.npmjs.org/@types/prop-types/-/prop-types-15.7.3.tgz",
			"integrity": "sha512-KfRL3PuHmqQLOG+2tGpRO26Ctg+Cq1E01D2DMriKEATHgWLfeNDmq9e29Q9WIky0dQ3NPkd1mzYH8Lm936Z9qw==",
			"dev": true
		},
		"node_modules/@types/react": {
			"version": "17.0.0",
			"resolved": "https://registry.npmjs.org/@types/react/-/react-17.0.0.tgz",
			"integrity": "sha512-aj/L7RIMsRlWML3YB6KZiXB3fV2t41+5RBGYF8z+tAKU43Px8C3cYUZsDvf1/+Bm4FK21QWBrDutu8ZJ/70qOw==",
			"dev": true,
			"dependencies": {
				"@types/prop-types": "*",
				"csstype": "^3.0.2"
			}
		},
		"node_modules/@types/react-native": {
			"version": "0.63.37",
			"resolved": "https://registry.npmjs.org/@types/react-native/-/react-native-0.63.37.tgz",
			"integrity": "sha512-xr9SZG7tQQBKT6840tAGaWEC65D2gjyxZtuZxz631UgeW1ofItuu9HMVhoyYqot2hRSa6Q4YC8FYkRVUpM53/w==",
			"dev": true,
			"dependencies": {
				"@types/react": "*"
			}
		},
		"node_modules/@types/react-native-web": {
			"version": "0.0.1",
			"resolved": "git+ssh://git@github.com/gtechnologies/react-native-web-ts-types.git#996bd76faa5236a9182da371bf570c22eb6b17d2",
			"dev": true,
			"dependencies": {
				"typescript": "^4.1.2"
			}
		},
		"node_modules/array-find-index": {
			"version": "1.0.2",
			"resolved": "https://registry.npmjs.org/array-find-index/-/array-find-index-1.0.2.tgz",
			"integrity": "sha1-3wEKoSh+Fku9pvlyOwqWoexBh6E=",
			"engines": {
				"node": ">=0.10.0"
			}
		},
		"node_modules/asap": {
			"version": "2.0.6",
			"resolved": "https://registry.npmjs.org/asap/-/asap-2.0.6.tgz",
			"integrity": "sha1-5QNHYR1+aQlDIIu9r+vLwvuGbUY="
		},
		"node_modules/core-js": {
			"version": "2.6.12",
			"resolved": "https://registry.npmjs.org/core-js/-/core-js-2.6.12.tgz",
			"integrity": "sha512-Kb2wC0fvsWfQrgk8HU5lW6U/Lcs8+9aaYcy4ZFc6DDlo4nZ7n70dEgE5rtR0oG6ufKDUnrwfWL1mXR5ljDatrQ=="
		},
		"node_modules/create-react-class": {
			"version": "15.7.0",
			"resolved": "https://registry.npmjs.org/create-react-class/-/create-react-class-15.7.0.tgz",
			"integrity": "sha512-QZv4sFWG9S5RUvkTYWbflxeZX+JG7Cz0Tn33rQBJ+WFQTqTfUTjMjiv9tnfXazjsO5r0KhPs+AqCjyrQX6h2ng==",
			"dependencies": {
				"loose-envify": "^1.3.1",
				"object-assign": "^4.1.1"
			}
		},
		"node_modules/css-in-js-utils": {
			"version": "2.0.1",
			"resolved": "https://registry.npmjs.org/css-in-js-utils/-/css-in-js-utils-2.0.1.tgz",
			"integrity": "sha512-PJF0SpJT+WdbVVt0AOYp9C8GnuruRlL/UFW7932nLWmFLQTaWEzTBQEx7/hn4BuV+WON75iAViSUJLiU3PKbpA==",
			"dependencies": {
				"hyphenate-style-name": "^1.0.2",
				"isobject": "^3.0.1"
			}
		},
		"node_modules/csstype": {
			"version": "3.0.5",
			"resolved": "https://registry.npmjs.org/csstype/-/csstype-3.0.5.tgz",
			"integrity": "sha512-uVDi8LpBUKQj6sdxNaTetL6FpeCqTjOvAQuQUa/qAqq8oOd4ivkbhgnqayl0dnPal8Tb/yB1tF+gOvCBiicaiQ==",
			"dev": true
		},
		"node_modules/deep-assign": {
			"version": "3.0.0",
			"resolved": "https://registry.npmjs.org/deep-assign/-/deep-assign-3.0.0.tgz",
			"integrity": "sha512-YX2i9XjJ7h5q/aQ/IM9PEwEnDqETAIYbggmdDB3HLTlSgo1CxPsj6pvhPG68rq6SVE0+p+6Ywsm5fTYNrYtBWw==",
			"dependencies": {
				"is-obj": "^1.0.0"
			},
			"engines": {
				"node": ">=0.10.0"
			}
		},
		"node_modules/encoding": {
			"version": "0.1.13",
			"resolved": "https://registry.npmjs.org/encoding/-/encoding-0.1.13.tgz",
			"integrity": "sha512-ETBauow1T35Y/WZMkio9jiM0Z5xjHHmJ4XmjZOq1l/dXz3lr2sRn87nJy20RupqSh1F2m3HHPSp8ShIPQJrJ3A==",
			"dependencies": {
				"iconv-lite": "^0.6.2"
			}
		},
		"node_modules/fbjs": {
			"version": "1.0.0",
			"resolved": "https://registry.npmjs.org/fbjs/-/fbjs-1.0.0.tgz",
			"integrity": "sha512-MUgcMEJaFhCaF1QtWGnmq9ZDRAzECTCRAF7O6UZIlAlkTs1SasiX9aP0Iw7wfD2mJ7wDTNfg2w7u5fSCwJk1OA==",
			"dependencies": {
				"core-js": "^2.4.1",
				"fbjs-css-vars": "^1.0.0",
				"isomorphic-fetch": "^2.1.1",
				"loose-envify": "^1.0.0",
				"object-assign": "^4.1.0",
				"promise": "^7.1.1",
				"setimmediate": "^1.0.5",
				"ua-parser-js": "^0.7.18"
			}
		},
		"node_modules/fbjs-css-vars": {
			"version": "1.0.2",
			"resolved": "https://registry.npmjs.org/fbjs-css-vars/-/fbjs-css-vars-1.0.2.tgz",
			"integrity": "sha512-b2XGFAFdWZWg0phtAWLHCk836A1Xann+I+Dgd3Gk64MHKZO44FfoD1KxyvbSh0qZsIoXQGGlVztIY+oitJPpRQ=="
		},
		"node_modules/hyphenate-style-name": {
			"version": "1.0.4",
			"resolved": "https://registry.npmjs.org/hyphenate-style-name/-/hyphenate-style-name-1.0.4.tgz",
			"integrity": "sha512-ygGZLjmXfPHj+ZWh6LwbC37l43MhfztxetbFCoYTM2VjkIUpeHgSNn7QIyVFj7YQ1Wl9Cbw5sholVJPzWvC2MQ=="
		},
		"node_modules/iconv-lite": {
			"version": "0.6.2",
			"resolved": "https://registry.npmjs.org/iconv-lite/-/iconv-lite-0.6.2.tgz",
			"integrity": "sha512-2y91h5OpQlolefMPmUlivelittSWy0rP+oYVpn6A7GwVHNE8AWzoYOBNmlwks3LobaJxgHCYZAnyNo2GgpNRNQ==",
			"dependencies": {
				"safer-buffer": ">= 2.1.2 < 3.0.0"
			},
			"engines": {
				"node": ">=0.10.0"
			}
		},
		"node_modules/inline-style-prefixer": {
			"version": "5.1.2",
			"resolved": "https://registry.npmjs.org/inline-style-prefixer/-/inline-style-prefixer-5.1.2.tgz",
			"integrity": "sha512-PYUF+94gDfhy+LsQxM0g3d6Hge4l1pAqOSOiZuHWzMvQEGsbRQ/ck2WioLqrY2ZkHyPgVUXxn+hrkF7D6QUGbA==",
			"dependencies": {
				"css-in-js-utils": "^2.0.0"
			}
		},
		"node_modules/is-obj": {
			"version": "1.0.1",
			"resolved": "https://registry.npmjs.org/is-obj/-/is-obj-1.0.1.tgz",
			"integrity": "sha1-PkcprB9f3gJc19g6iW2rn09n2w8=",
			"engines": {
				"node": ">=0.10.0"
			}
		},
		"node_modules/is-stream": {
			"version": "1.1.0",
			"resolved": "https://registry.npmjs.org/is-stream/-/is-stream-1.1.0.tgz",
			"integrity": "sha1-EtSj3U5o4Lec6428hBc66A2RykQ=",
			"engines": {
				"node": ">=0.10.0"
			}
		},
		"node_modules/isobject": {
			"version": "3.0.1",
			"resolved": "https://registry.npmjs.org/isobject/-/isobject-3.0.1.tgz",
			"integrity": "sha1-TkMekrEalzFjaqH5yNHMvP2reN8=",
			"engines": {
				"node": ">=0.10.0"
			}
		},
		"node_modules/isomorphic-fetch": {
			"version": "2.2.1",
			"resolved": "https://registry.npmjs.org/isomorphic-fetch/-/isomorphic-fetch-2.2.1.tgz",
			"integrity": "sha1-YRrhrPFPXoH3KVB0coGf6XM1WKk=",
			"dependencies": {
				"node-fetch": "^1.0.1",
				"whatwg-fetch": ">=0.10.0"
			}
		},
		"node_modules/js-tokens": {
			"version": "4.0.0",
			"resolved": "https://registry.npmjs.org/js-tokens/-/js-tokens-4.0.0.tgz",
			"integrity": "sha512-RdJUflcE3cUzKiMqQgsCu06FPu9UdIJO0beYbPhHN4k6apgJtifcoCtT9bcxOpYBtpD2kCM6Sbzg4CausW/PKQ=="
		},
		"node_modules/loose-envify": {
			"version": "1.4.0",
			"resolved": "https://registry.npmjs.org/loose-envify/-/loose-envify-1.4.0.tgz",
			"integrity": "sha512-lyuxPGr/Wfhrlem2CL/UcnUc1zcqKAImBDzukY7Y5F/yQiNdko6+fRLevlw1HgMySw7f611UIY408EtxRSoK3Q==",
			"dependencies": {
				"js-tokens": "^3.0.0 || ^4.0.0"
			},
			"bin": {
				"loose-envify": "cli.js"
			}
		},
		"node_modules/node-fetch": {
			"version": "1.7.3",
			"resolved": "https://registry.npmjs.org/node-fetch/-/node-fetch-1.7.3.tgz",
			"integrity": "sha512-NhZ4CsKx7cYm2vSrBAr2PvFOe6sWDf0UYLRqA6svUYg7+/TSfVAu49jYC4BvQ4Sms9SZgdqGBgroqfDhJdTyKQ==",
			"dependencies": {
				"encoding": "^0.1.11",
				"is-stream": "^1.0.1"
			}
		},
		"node_modules/normalize-css-color": {
			"version": "1.0.2",
			"resolved": "https://registry.npmjs.org/normalize-css-color/-/normalize-css-color-1.0.2.tgz",
			"integrity": "sha1-Apkel8zOxmI/5XOvu/Deah8+n40="
		},
		"node_modules/object-assign": {
			"version": "4.1.1",
			"resolved": "https://registry.npmjs.org/object-assign/-/object-assign-4.1.1.tgz",
			"integrity": "sha1-IQmtx5ZYh8/AXLvUQsrIv7s2CGM=",
			"engines": {
				"node": ">=0.10.0"
			}
		},
		"node_modules/prettier": {
			"version": "2.2.1",
			"resolved": "https://registry.npmjs.org/prettier/-/prettier-2.2.1.tgz",
			"integrity": "sha512-PqyhM2yCjg/oKkFPtTGUojv7gnZAoG80ttl45O6x2Ug/rMJw4wcc9k6aaf2hibP7BGVCCM33gZoGjyvt9mm16Q==",
			"dev": true,
			"bin": {
				"prettier": "bin-prettier.js"
			},
			"engines": {
				"node": ">=10.13.0"
			}
		},
		"node_modules/promise": {
			"version": "7.3.1",
			"resolved": "https://registry.npmjs.org/promise/-/promise-7.3.1.tgz",
			"integrity": "sha512-nolQXZ/4L+bP/UGlkfaIujX9BKxGwmQ9OT4mOt5yvy8iK1h3wqTEJCijzGANTCCl9nWjY41juyAn2K3Q1hLLTg==",
			"dependencies": {
				"asap": "~2.0.3"
			}
		},
		"node_modules/prop-types": {
			"version": "15.7.2",
			"resolved": "https://registry.npmjs.org/prop-types/-/prop-types-15.7.2.tgz",
			"integrity": "sha512-8QQikdH7//R2vurIJSutZ1smHYTcLpRWEOlHnzcWHmBYrOGUysKwSsrC89BCiFj3CbrfJ/nXFdJepOVrY1GCHQ==",
			"dependencies": {
				"loose-envify": "^1.4.0",
				"object-assign": "^4.1.1",
				"react-is": "^16.8.1"
			}
		},
		"node_modules/react": {
			"version": "17.0.1",
			"resolved": "https://registry.npmjs.org/react/-/react-17.0.1.tgz",
			"integrity": "sha512-lG9c9UuMHdcAexXtigOZLX8exLWkW0Ku29qPRU8uhF2R9BN96dLCt0psvzPLlHc5OWkgymP3qwTRgbnw5BKx3w==",
			"peer": true,
			"dependencies": {
				"loose-envify": "^1.1.0",
				"object-assign": "^4.1.1"
			},
			"engines": {
				"node": ">=0.10.0"
			}
		},
		"node_modules/react-is": {
			"version": "16.13.1",
			"resolved": "https://registry.npmjs.org/react-is/-/react-is-16.13.1.tgz",
			"integrity": "sha512-24e6ynE2H+OKt4kqsOvNd8kBpV65zoxbA4BVsEOB3ARVWQki/DHzaUoC5KuON/BiccDaCCTZBuOcfZs70kR8bQ=="
		},
		"node_modules/react-native-web": {
			"version": "0.14.9",
			"resolved": "https://registry.npmjs.org/react-native-web/-/react-native-web-0.14.9.tgz",
			"integrity": "sha512-lrVSnzZuW+7xXQsjHFu1SGbd3XcgWaYUDNaJ9BF/eVypisQBlkagiJwpxBECcQjgMLz/ow8AmRSJCZtNuz73gA==",
			"dependencies": {
				"array-find-index": "^1.0.2",
				"create-react-class": "^15.6.2",
				"deep-assign": "^3.0.0",
				"fbjs": "^1.0.0",
				"hyphenate-style-name": "^1.0.3",
				"inline-style-prefixer": "^5.1.0",
				"normalize-css-color": "^1.0.2",
				"prop-types": "^15.6.0",
				"react-timer-mixin": "^0.13.4"
			}
		},
		"node_modules/react-timer-mixin": {
			"version": "0.13.4",
			"resolved": "https://registry.npmjs.org/react-timer-mixin/-/react-timer-mixin-0.13.4.tgz",
			"integrity": "sha512-4+ow23tp/Tv7hBM5Az5/Be/eKKF7DIvJ09voz5LyHGQaqqz9WV8YMs31eFvcYQs7d451LSg7kDJV70XYN/Ug/Q=="
		},
		"node_modules/regenerator-runtime": {
			"version": "0.13.7",
			"resolved": "https://registry.npmjs.org/regenerator-runtime/-/regenerator-runtime-0.13.7.tgz",
			"integrity": "sha512-a54FxoJDIr27pgf7IgeQGxmqUNYrcV338lf/6gH456HZ/PhX+5BcwHXG9ajESmwe6WRO0tAzRUrRmNONWgkrew==",
			"dev": true
		},
		"node_modules/safer-buffer": {
			"version": "2.1.2",
			"resolved": "https://registry.npmjs.org/safer-buffer/-/safer-buffer-2.1.2.tgz",
			"integrity": "sha512-YZo3K82SD7Riyi0E1EQPojLz7kpepnSQI9IyPbHHg1XXXevb5dJI7tpyN2ADxGcQbHG7vcyRHk0cbwqcQriUtg=="
		},
		"node_modules/setimmediate": {
			"version": "1.0.5",
			"resolved": "https://registry.npmjs.org/setimmediate/-/setimmediate-1.0.5.tgz",
			"integrity": "sha1-KQy7Iy4waULX1+qbg3Mqt4VvgoU="
		},
		"node_modules/typescript": {
			"version": "4.1.3",
			"resolved": "https://registry.npmjs.org/typescript/-/typescript-4.1.3.tgz",
			"integrity": "sha512-B3ZIOf1IKeH2ixgHhj6la6xdwR9QrLC5d1VKeCSY4tvkqhF2eqd9O7txNlS0PO3GrBAFIdr3L1ndNwteUbZLYg==",
			"bin": {
				"tsc": "bin/tsc",
				"tsserver": "bin/tsserver"
			},
			"engines": {
				"node": ">=4.2.0"
			}
		},
		"node_modules/ua-parser-js": {
			"version": "0.7.23",
			"resolved": "https://registry.npmjs.org/ua-parser-js/-/ua-parser-js-0.7.23.tgz",
			"integrity": "sha512-m4hvMLxgGHXG3O3fQVAyyAQpZzDOvwnhOTjYz5Xmr7r/+LpkNy3vJXdVRWgd1TkAb7NGROZuSy96CrlNVjA7KA==",
			"engines": {
				"node": "*"
			}
		},
		"node_modules/whatwg-fetch": {
			"version": "3.5.0",
			"resolved": "https://registry.npmjs.org/whatwg-fetch/-/whatwg-fetch-3.5.0.tgz",
			"integrity": "sha512-jXkLtsR42xhXg7akoDKvKWE40eJeI+2KZqcp2h3NsOrRnDvtWX36KcKl30dy+hxECivdk2BVUHVNrPtoMBUx6A=="
		}
	},
	"dependencies": {
		"@babel/runtime": {
			"version": "7.12.5",
			"resolved": "https://registry.npmjs.org/@babel/runtime/-/runtime-7.12.5.tgz",
			"integrity": "sha512-plcc+hbExy3McchJCEQG3knOsuh3HH+Prx1P6cLIkET/0dLuQDEnrT+s27Axgc9bqfsmNUNHfscgMUdBpC9xfg==",
			"dev": true,
			"requires": {
				"regenerator-runtime": "^0.13.4"
			}
		},
		"@types/prop-types": {
			"version": "15.7.3",
			"resolved": "https://registry.npmjs.org/@types/prop-types/-/prop-types-15.7.3.tgz",
			"integrity": "sha512-KfRL3PuHmqQLOG+2tGpRO26Ctg+Cq1E01D2DMriKEATHgWLfeNDmq9e29Q9WIky0dQ3NPkd1mzYH8Lm936Z9qw==",
			"dev": true
		},
		"@types/react": {
			"version": "17.0.0",
			"resolved": "https://registry.npmjs.org/@types/react/-/react-17.0.0.tgz",
			"integrity": "sha512-aj/L7RIMsRlWML3YB6KZiXB3fV2t41+5RBGYF8z+tAKU43Px8C3cYUZsDvf1/+Bm4FK21QWBrDutu8ZJ/70qOw==",
			"dev": true,
			"requires": {
				"@types/prop-types": "*",
				"csstype": "^3.0.2"
			}
		},
		"@types/react-native": {
			"version": "0.63.37",
			"resolved": "https://registry.npmjs.org/@types/react-native/-/react-native-0.63.37.tgz",
			"integrity": "sha512-xr9SZG7tQQBKT6840tAGaWEC65D2gjyxZtuZxz631UgeW1ofItuu9HMVhoyYqot2hRSa6Q4YC8FYkRVUpM53/w==",
			"dev": true,
			"requires": {
				"@types/react": "*"
			}
		},
		"@types/react-native-web": {
			"version": "git+ssh://git@github.com/gtechnologies/react-native-web-ts-types.git#996bd76faa5236a9182da371bf570c22eb6b17d2",
			"dev": true,
			"from": "@types/react-native-web@git+https://5a8eb5405602f384d206213250a29a2b8ec51f24:x-oauth-basic@github.com/gtechnologies/react-native-web-ts-types.git",
			"requires": {
				"typescript": "^4.1.2"
			}
		},
		"array-find-index": {
			"version": "1.0.2",
			"resolved": "https://registry.npmjs.org/array-find-index/-/array-find-index-1.0.2.tgz",
			"integrity": "sha1-3wEKoSh+Fku9pvlyOwqWoexBh6E="
		},
		"asap": {
			"version": "2.0.6",
			"resolved": "https://registry.npmjs.org/asap/-/asap-2.0.6.tgz",
			"integrity": "sha1-5QNHYR1+aQlDIIu9r+vLwvuGbUY="
		},
		"core-js": {
			"version": "2.6.12",
			"resolved": "https://registry.npmjs.org/core-js/-/core-js-2.6.12.tgz",
			"integrity": "sha512-Kb2wC0fvsWfQrgk8HU5lW6U/Lcs8+9aaYcy4ZFc6DDlo4nZ7n70dEgE5rtR0oG6ufKDUnrwfWL1mXR5ljDatrQ=="
		},
		"create-react-class": {
			"version": "15.7.0",
			"resolved": "https://registry.npmjs.org/create-react-class/-/create-react-class-15.7.0.tgz",
			"integrity": "sha512-QZv4sFWG9S5RUvkTYWbflxeZX+JG7Cz0Tn33rQBJ+WFQTqTfUTjMjiv9tnfXazjsO5r0KhPs+AqCjyrQX6h2ng==",
			"requires": {
				"loose-envify": "^1.3.1",
				"object-assign": "^4.1.1"
			}
		},
		"css-in-js-utils": {
			"version": "2.0.1",
			"resolved": "https://registry.npmjs.org/css-in-js-utils/-/css-in-js-utils-2.0.1.tgz",
			"integrity": "sha512-PJF0SpJT+WdbVVt0AOYp9C8GnuruRlL/UFW7932nLWmFLQTaWEzTBQEx7/hn4BuV+WON75iAViSUJLiU3PKbpA==",
			"requires": {
				"hyphenate-style-name": "^1.0.2",
				"isobject": "^3.0.1"
			}
		},
		"csstype": {
			"version": "3.0.5",
			"resolved": "https://registry.npmjs.org/csstype/-/csstype-3.0.5.tgz",
			"integrity": "sha512-uVDi8LpBUKQj6sdxNaTetL6FpeCqTjOvAQuQUa/qAqq8oOd4ivkbhgnqayl0dnPal8Tb/yB1tF+gOvCBiicaiQ==",
			"dev": true
		},
		"deep-assign": {
			"version": "3.0.0",
			"resolved": "https://registry.npmjs.org/deep-assign/-/deep-assign-3.0.0.tgz",
			"integrity": "sha512-YX2i9XjJ7h5q/aQ/IM9PEwEnDqETAIYbggmdDB3HLTlSgo1CxPsj6pvhPG68rq6SVE0+p+6Ywsm5fTYNrYtBWw==",
			"requires": {
				"is-obj": "^1.0.0"
			}
		},
		"encoding": {
			"version": "0.1.13",
			"resolved": "https://registry.npmjs.org/encoding/-/encoding-0.1.13.tgz",
			"integrity": "sha512-ETBauow1T35Y/WZMkio9jiM0Z5xjHHmJ4XmjZOq1l/dXz3lr2sRn87nJy20RupqSh1F2m3HHPSp8ShIPQJrJ3A==",
			"requires": {
				"iconv-lite": "^0.6.2"
			}
		},
		"fbjs": {
			"version": "1.0.0",
			"resolved": "https://registry.npmjs.org/fbjs/-/fbjs-1.0.0.tgz",
			"integrity": "sha512-MUgcMEJaFhCaF1QtWGnmq9ZDRAzECTCRAF7O6UZIlAlkTs1SasiX9aP0Iw7wfD2mJ7wDTNfg2w7u5fSCwJk1OA==",
			"requires": {
				"core-js": "^2.4.1",
				"fbjs-css-vars": "^1.0.0",
				"isomorphic-fetch": "^2.1.1",
				"loose-envify": "^1.0.0",
				"object-assign": "^4.1.0",
				"promise": "^7.1.1",
				"setimmediate": "^1.0.5",
				"ua-parser-js": "^0.7.18"
			}
		},
		"fbjs-css-vars": {
			"version": "1.0.2",
			"resolved": "https://registry.npmjs.org/fbjs-css-vars/-/fbjs-css-vars-1.0.2.tgz",
			"integrity": "sha512-b2XGFAFdWZWg0phtAWLHCk836A1Xann+I+Dgd3Gk64MHKZO44FfoD1KxyvbSh0qZsIoXQGGlVztIY+oitJPpRQ=="
		},
		"hyphenate-style-name": {
			"version": "1.0.4",
			"resolved": "https://registry.npmjs.org/hyphenate-style-name/-/hyphenate-style-name-1.0.4.tgz",
			"integrity": "sha512-ygGZLjmXfPHj+ZWh6LwbC37l43MhfztxetbFCoYTM2VjkIUpeHgSNn7QIyVFj7YQ1Wl9Cbw5sholVJPzWvC2MQ=="
		},
		"iconv-lite": {
			"version": "0.6.2",
			"resolved": "https://registry.npmjs.org/iconv-lite/-/iconv-lite-0.6.2.tgz",
			"integrity": "sha512-2y91h5OpQlolefMPmUlivelittSWy0rP+oYVpn6A7GwVHNE8AWzoYOBNmlwks3LobaJxgHCYZAnyNo2GgpNRNQ==",
			"requires": {
				"safer-buffer": ">= 2.1.2 < 3.0.0"
			}
		},
		"inline-style-prefixer": {
			"version": "5.1.2",
			"resolved": "https://registry.npmjs.org/inline-style-prefixer/-/inline-style-prefixer-5.1.2.tgz",
			"integrity": "sha512-PYUF+94gDfhy+LsQxM0g3d6Hge4l1pAqOSOiZuHWzMvQEGsbRQ/ck2WioLqrY2ZkHyPgVUXxn+hrkF7D6QUGbA==",
			"requires": {
				"css-in-js-utils": "^2.0.0"
			}
		},
		"is-obj": {
			"version": "1.0.1",
			"resolved": "https://registry.npmjs.org/is-obj/-/is-obj-1.0.1.tgz",
			"integrity": "sha1-PkcprB9f3gJc19g6iW2rn09n2w8="
		},
		"is-stream": {
			"version": "1.1.0",
			"resolved": "https://registry.npmjs.org/is-stream/-/is-stream-1.1.0.tgz",
			"integrity": "sha1-EtSj3U5o4Lec6428hBc66A2RykQ="
		},
		"isobject": {
			"version": "3.0.1",
			"resolved": "https://registry.npmjs.org/isobject/-/isobject-3.0.1.tgz",
			"integrity": "sha1-TkMekrEalzFjaqH5yNHMvP2reN8="
		},
		"isomorphic-fetch": {
			"version": "2.2.1",
			"resolved": "https://registry.npmjs.org/isomorphic-fetch/-/isomorphic-fetch-2.2.1.tgz",
			"integrity": "sha1-YRrhrPFPXoH3KVB0coGf6XM1WKk=",
			"requires": {
				"node-fetch": "^1.0.1",
				"whatwg-fetch": ">=0.10.0"
			}
		},
		"js-tokens": {
			"version": "4.0.0",
			"resolved": "https://registry.npmjs.org/js-tokens/-/js-tokens-4.0.0.tgz",
			"integrity": "sha512-RdJUflcE3cUzKiMqQgsCu06FPu9UdIJO0beYbPhHN4k6apgJtifcoCtT9bcxOpYBtpD2kCM6Sbzg4CausW/PKQ=="
		},
		"loose-envify": {
			"version": "1.4.0",
			"resolved": "https://registry.npmjs.org/loose-envify/-/loose-envify-1.4.0.tgz",
			"integrity": "sha512-lyuxPGr/Wfhrlem2CL/UcnUc1zcqKAImBDzukY7Y5F/yQiNdko6+fRLevlw1HgMySw7f611UIY408EtxRSoK3Q==",
			"requires": {
				"js-tokens": "^3.0.0 || ^4.0.0"
			}
		},
		"node-fetch": {
			"version": "1.7.3",
			"resolved": "https://registry.npmjs.org/node-fetch/-/node-fetch-1.7.3.tgz",
			"integrity": "sha512-NhZ4CsKx7cYm2vSrBAr2PvFOe6sWDf0UYLRqA6svUYg7+/TSfVAu49jYC4BvQ4Sms9SZgdqGBgroqfDhJdTyKQ==",
			"requires": {
				"encoding": "^0.1.11",
				"is-stream": "^1.0.1"
			}
		},
		"normalize-css-color": {
			"version": "1.0.2",
			"resolved": "https://registry.npmjs.org/normalize-css-color/-/normalize-css-color-1.0.2.tgz",
			"integrity": "sha1-Apkel8zOxmI/5XOvu/Deah8+n40="
		},
		"object-assign": {
			"version": "4.1.1",
			"resolved": "https://registry.npmjs.org/object-assign/-/object-assign-4.1.1.tgz",
			"integrity": "sha1-IQmtx5ZYh8/AXLvUQsrIv7s2CGM="
		},
		"prettier": {
			"version": "2.2.1",
			"resolved": "https://registry.npmjs.org/prettier/-/prettier-2.2.1.tgz",
			"integrity": "sha512-PqyhM2yCjg/oKkFPtTGUojv7gnZAoG80ttl45O6x2Ug/rMJw4wcc9k6aaf2hibP7BGVCCM33gZoGjyvt9mm16Q==",
			"dev": true
		},
		"promise": {
			"version": "7.3.1",
			"resolved": "https://registry.npmjs.org/promise/-/promise-7.3.1.tgz",
			"integrity": "sha512-nolQXZ/4L+bP/UGlkfaIujX9BKxGwmQ9OT4mOt5yvy8iK1h3wqTEJCijzGANTCCl9nWjY41juyAn2K3Q1hLLTg==",
			"requires": {
				"asap": "~2.0.3"
			}
		},
		"prop-types": {
			"version": "15.7.2",
			"resolved": "https://registry.npmjs.org/prop-types/-/prop-types-15.7.2.tgz",
			"integrity": "sha512-8QQikdH7//R2vurIJSutZ1smHYTcLpRWEOlHnzcWHmBYrOGUysKwSsrC89BCiFj3CbrfJ/nXFdJepOVrY1GCHQ==",
			"requires": {
				"loose-envify": "^1.4.0",
				"object-assign": "^4.1.1",
				"react-is": "^16.8.1"
			}
		},
		"react": {
			"version": "17.0.1",
			"resolved": "https://registry.npmjs.org/react/-/react-17.0.1.tgz",
			"integrity": "sha512-lG9c9UuMHdcAexXtigOZLX8exLWkW0Ku29qPRU8uhF2R9BN96dLCt0psvzPLlHc5OWkgymP3qwTRgbnw5BKx3w==",
			"peer": true,
			"requires": {
				"loose-envify": "^1.1.0",
				"object-assign": "^4.1.1"
			}
		},
		"react-is": {
			"version": "16.13.1",
			"resolved": "https://registry.npmjs.org/react-is/-/react-is-16.13.1.tgz",
			"integrity": "sha512-24e6ynE2H+OKt4kqsOvNd8kBpV65zoxbA4BVsEOB3ARVWQki/DHzaUoC5KuON/BiccDaCCTZBuOcfZs70kR8bQ=="
		},
		"react-native-web": {
			"version": "0.14.9",
			"resolved": "https://registry.npmjs.org/react-native-web/-/react-native-web-0.14.9.tgz",
			"integrity": "sha512-lrVSnzZuW+7xXQsjHFu1SGbd3XcgWaYUDNaJ9BF/eVypisQBlkagiJwpxBECcQjgMLz/ow8AmRSJCZtNuz73gA==",
			"requires": {
				"array-find-index": "^1.0.2",
				"create-react-class": "^15.6.2",
				"deep-assign": "^3.0.0",
				"fbjs": "^1.0.0",
				"hyphenate-style-name": "^1.0.3",
				"inline-style-prefixer": "^5.1.0",
				"normalize-css-color": "^1.0.2",
				"prop-types": "^15.6.0",
				"react-timer-mixin": "^0.13.4"
			}
		},
		"react-timer-mixin": {
			"version": "0.13.4",
			"resolved": "https://registry.npmjs.org/react-timer-mixin/-/react-timer-mixin-0.13.4.tgz",
			"integrity": "sha512-4+ow23tp/Tv7hBM5Az5/Be/eKKF7DIvJ09voz5LyHGQaqqz9WV8YMs31eFvcYQs7d451LSg7kDJV70XYN/Ug/Q=="
		},
		"regenerator-runtime": {
			"version": "0.13.7",
			"resolved": "https://registry.npmjs.org/regenerator-runtime/-/regenerator-runtime-0.13.7.tgz",
			"integrity": "sha512-a54FxoJDIr27pgf7IgeQGxmqUNYrcV338lf/6gH456HZ/PhX+5BcwHXG9ajESmwe6WRO0tAzRUrRmNONWgkrew==",
			"dev": true
		},
		"safer-buffer": {
			"version": "2.1.2",
			"resolved": "https://registry.npmjs.org/safer-buffer/-/safer-buffer-2.1.2.tgz",
			"integrity": "sha512-YZo3K82SD7Riyi0E1EQPojLz7kpepnSQI9IyPbHHg1XXXevb5dJI7tpyN2ADxGcQbHG7vcyRHk0cbwqcQriUtg=="
		},
		"setimmediate": {
			"version": "1.0.5",
			"resolved": "https://registry.npmjs.org/setimmediate/-/setimmediate-1.0.5.tgz",
			"integrity": "sha1-KQy7Iy4waULX1+qbg3Mqt4VvgoU="
		},
		"typescript": {
			"version": "4.1.3",
			"resolved": "https://registry.npmjs.org/typescript/-/typescript-4.1.3.tgz",
			"integrity": "sha512-B3ZIOf1IKeH2ixgHhj6la6xdwR9QrLC5d1VKeCSY4tvkqhF2eqd9O7txNlS0PO3GrBAFIdr3L1ndNwteUbZLYg=="
		},
		"ua-parser-js": {
			"version": "0.7.23",
			"resolved": "https://registry.npmjs.org/ua-parser-js/-/ua-parser-js-0.7.23.tgz",
			"integrity": "sha512-m4hvMLxgGHXG3O3fQVAyyAQpZzDOvwnhOTjYz5Xmr7r/+LpkNy3vJXdVRWgd1TkAb7NGROZuSy96CrlNVjA7KA=="
		},
		"whatwg-fetch": {
			"version": "3.5.0",
			"resolved": "https://registry.npmjs.org/whatwg-fetch/-/whatwg-fetch-3.5.0.tgz",
			"integrity": "sha512-jXkLtsR42xhXg7akoDKvKWE40eJeI+2KZqcp2h3NsOrRnDvtWX36KcKl30dy+hxECivdk2BVUHVNrPtoMBUx6A=="
		}
	}
}
